
Microsoft Visual Studio Solution File, Format Version 12.00
# Visual Studio 15
VisualStudioVersion = 15.0.28307.168
MinimumVisualStudioVersion = 10.0.40219.1
Project("{8BC9CEB8-8B4A-11D0-8D11-00A0C91BC942}") = "dart_mssql", "dart_mssql\dart_mssql.vcxproj", "{D9A13674-7FA5-47D4-8E78-64C75166B926}"
EndProject
Global
	GlobalSection(SolutionConfigurationPlatforms) = preSolution
		Debug|x64 = Debug|x64
		Debug|x86 = Debug|x86
		Release|x64 = Release|x64
		Release|x86 = Release|x86
	EndGlobalSection
	GlobalSection(ProjectConfigurationPlatforms) = postSolution
		{D9A13674-7FA5-47D4-8E78-64C75166B926}.Debug|x64.ActiveCfg = Debug|x64
		{D9A13674-7FA5-47D4-8E78-64C75166B926}.Debug|x64.Build.0 = Debug|x64
		{D9A13674-7FA5-47D4-8E78-64C75166B926}.Debug|x86.ActiveCfg = Debug|Win32
		{D9A13674-7FA5-47D4-8E78-64C75166B926}.Debug|x86.Build.0 = Debug|Win32
		{D9A13674-7FA5-47D4-8E78-64C75166B926}.Release|x64.ActiveCfg = Release|x64
		{D9A13674-7FA5-47D4-8E78-64C75166B926}.Release|x64.Build.0 = Release|x64
		{D9A13674-7FA5-47D4-8E78-64C75166B926}.Release|x86.ActiveCfg = Release|Win32
		{D9A13674-7FA5-47D4-8E78-64C75166B926}.Release|x86.Build.0 = Release|Win32
	EndGlobalSection
	GlobalSection(SolutionProperties) = preSolution
		HideSolutionNode = FALSE
	EndGlobalSection
	GlobalSection(ExtensibilityGlobals) = postSolution
		SolutionGuid = {99417B45-38B8-4A45-95FB-7732A6538FF5}
	EndGlobalSection
EndGlobal
